{
  "name": "nuvola-discord",
  "version": "0.1.0",
  "lockfileVersion": 1,
  "requires": true,
  "dependencies": {
    "@nornagon/put": {
      "version": "0.0.8",
      "resolved": "https://registry.npmjs.org/@nornagon/put/-/put-0.0.8.tgz",
      "integrity": "sha512-ugvXJjwF5ldtUpa7D95kruNJ41yFQDEKyF5CW4TgKJnh+W/zmlBzXXeKTyqIgwMFrkePN2JqOBqcF0M0oOunow=="
    },
    "@types/discord-rpc": {
      "version": "3.0.4",
      "resolved": "https://registry.npmjs.org/@types/discord-rpc/-/discord-rpc-3.0.4.tgz",
      "integrity": "sha512-Ee0vt82qcg05OeJrQZ/YN+NQwaBCnAul1rVLYaMLPkwR5f44WC3BpBQNvn5Z3Axu9szaVOHqXEDBI+uAXAiyrg==",
      "dev": true
    },
    "@types/node": {
      "version": "14.0.1",
      "resolved": "https://registry.npmjs.org/@types/node/-/node-14.0.1.tgz",
      "integrity": "sha512-FAYBGwC+W6F9+huFIDtn43cpy7+SzG+atzRiTfdp3inUKL2hXnd4rG8hylJLIh4+hqrQy1P17kvJByE/z825hA==",
      "dev": true
    },
    "abstract-socket": {
      "version": "2.1.1",
      "resolved": "https://registry.npmjs.org/abstract-socket/-/abstract-socket-2.1.1.tgz",
      "integrity": "sha512-YZJizsvS1aBua5Gd01woe4zuyYBGgSMeqDOB6/ChwdTI904KP6QGtJswXl4hcqWxbz86hQBe++HWV0hF1aGUtA==",
      "optional": true,
      "requires": {
        "bindings": "^1.2.1",
        "nan": "^2.12.1"
      }
    },
    "arg": {
      "version": "4.1.3",
      "resolved": "https://registry.npmjs.org/arg/-/arg-4.1.3.tgz",
      "integrity": "sha512-58S9QDqG0Xx27YwPSt9fJxivjYl432YCwfDMfZ+71RAqUrZef7LrKQZ3LHLOwCS4FLNBplP533Zx895SeOCHvA==",
      "dev": true
    },
    "async-limiter": {
      "version": "1.0.1",
      "resolved": "https://registry.npmjs.org/async-limiter/-/async-limiter-1.0.1.tgz",
      "integrity": "sha512-csOlWGAcRFJaI6m+F2WKdnMKr4HhdhFVBk0H/QbJFMCr+uO2kwohwXQPxw/9OCxp05r5ghVBFSyioixx3gfkNQ=="
    },
    "axios": {
      "version": "0.19.2",
      "resolved": "https://registry.npmjs.org/axios/-/axios-0.19.2.tgz",
      "integrity": "sha512-fjgm5MvRHLhx+osE2xoekY70AhARk3a6hkN+3Io1jc00jtquGvxYlKlsFUhmUET0V5te6CcZI7lcv2Ym61mjHA==",
      "requires": {
        "follow-redirects": "1.5.10"
      }
    },
    "bindings": {
      "version": "1.5.0",
      "resolved": "https://registry.npmjs.org/bindings/-/bindings-1.5.0.tgz",
      "integrity": "sha512-p2q/t/mhvuOj/UeLlV6566GD/guowlr0hHxClI0W9m7MWYkL1F0hLo+0Aexs9HSPCtR1SXQ0TD3MMKrXZajbiQ==",
      "optional": true,
      "requires": {
        "file-uri-to-path": "1.0.0"
      }
    },
    "buffer-from": {
      "version": "1.1.1",
      "resolved": "https://registry.npmjs.org/buffer-from/-/buffer-from-1.1.1.tgz",
      "integrity": "sha512-MQcXEUbCKtEo7bhqEs6560Hyd4XaovZlO/k9V3hjVUF/zwW7KBVdSK4gIt/bzwS9MbR5qob+F5jusZsb0YQK2A==",
      "dev": true
    },
    "dbus-next": {
      "version": "0.8.2",
      "resolved": "https://registry.npmjs.org/dbus-next/-/dbus-next-0.8.2.tgz",
      "integrity": "sha512-E2wkbhZzzsgmY+jxIdeuhA1nVT697I5koRIRJTk3doTeukwtzqSFG89RC5XK8OsLG/eHDZ8PVNptUuEPkhdPbA==",
      "requires": {
        "@nornagon/put": "0.0.8",
        "abstract-socket": "^2.0.0",
        "event-stream": "3.3.4",
        "hexy": "^0.2.10",
        "jsbi": "^2.0.5",
        "long": "^4.0.0",
        "safe-buffer": "^5.1.1",
        "xml2js": "^0.4.17"
      }
    },
    "debug": {
      "version": "3.1.0",
      "resolved": "https://registry.npmjs.org/debug/-/debug-3.1.0.tgz",
      "integrity": "sha512-OX8XqP7/1a9cqkxYw2yXss15f26NKWBpDXQd0/uK/KPqdQhxbPa994hnzjcE2VqQpDslf55723cKPUOGSmMY3g==",
      "requires": {
        "ms": "2.0.0"
      }
    },
    "diff": {
      "version": "4.0.2",
      "resolved": "https://registry.npmjs.org/diff/-/diff-4.0.2.tgz",
      "integrity": "sha512-58lmxKSA4BNyLz+HHMUzlOEpg09FV+ev6ZMe3vJihgdxzgcwZ8VoEEPmALCZG9LmqfVoNMMKpttIYTVG6uDY7A==",
      "dev": true
    },
    "discord-rpc": {
      "version": "3.1.1",
      "resolved": "https://registry.npmjs.org/discord-rpc/-/discord-rpc-3.1.1.tgz",
      "integrity": "sha512-2nTB+82q4OnCtataJkWMQ2YBWs2UEjs490uC7/xSTvXAOb7I+ZDsweHWFL692sSpDzg7pRlmy1+XVyjWqleulg==",
      "requires": {
        "node-fetch": "2.6.0",
        "ws": "7.1.2"
      },
      "dependencies": {
        "ws": {
          "version": "7.1.2",
          "resolved": "https://registry.npmjs.org/ws/-/ws-7.1.2.tgz",
          "integrity": "sha512-gftXq3XI81cJCgkUiAVixA0raD9IVmXqsylCrjRygw4+UOOGzPoxnQ6r/CnVL9i+mDncJo94tSkyrtuuQVBmrg==",
          "requires": {
            "async-limiter": "^1.0.0"
          }
        }
      }
    },
    "duplexer": {
      "version": "0.1.1",
      "resolved": "https://registry.npmjs.org/duplexer/-/duplexer-0.1.1.tgz",
      "integrity": "sha1-rOb/gIwc5mtX0ev5eXessCM0z8E="
    },
    "event-stream": {
      "version": "3.3.4",
      "resolved": "https://registry.npmjs.org/event-stream/-/event-stream-3.3.4.tgz",
      "integrity": "sha1-SrTJoPWlTbkzi0w02Gv86PSzVXE=",
      "requires": {
        "duplexer": "~0.1.1",
        "from": "~0",
        "map-stream": "~0.1.0",
        "pause-stream": "0.0.11",
        "split": "0.3",
        "stream-combiner": "~0.0.4",
        "through": "~2.3.1"
      }
    },
    "file-uri-to-path": {
      "version": "1.0.0",
      "resolved": "https://registry.npmjs.org/file-uri-to-path/-/file-uri-to-path-1.0.0.tgz",
      "integrity": "sha512-0Zt+s3L7Vf1biwWZ29aARiVYLx7iMGnEUl9x33fbB/j3jR81u/O2LbqK+Bm1CDSNDKVtJ/YjwY7TUd5SkeLQLw==",
      "optional": true
    },
    "follow-redirects": {
      "version": "1.5.10",
      "resolved": "https://registry.npmjs.org/follow-redirects/-/follow-redirects-1.5.10.tgz",
      "integrity": "sha512-0V5l4Cizzvqt5D44aTXbFZz+FtyXV1vrDN6qrelxtfYQKW0KO0W2T/hkE8xvGa/540LkZlkaUjO4ailYTFtHVQ==",
      "requires": {
        "debug": "=3.1.0"
      }
    },
    "from": {
      "version": "0.1.7",
      "resolved": "https://registry.npmjs.org/from/-/from-0.1.7.tgz",
      "integrity": "sha1-g8YK/Fi5xWmXAH7Rp2izqzA6RP4="
    },
    "hexy": {
      "version": "0.2.11",
      "resolved": "https://registry.npmjs.org/hexy/-/hexy-0.2.11.tgz",
      "integrity": "sha512-ciq6hFsSG/Bpt2DmrZJtv+56zpPdnq+NQ4ijEFrveKN0ZG1mhl/LdT1NQZ9se6ty1fACcI4d4vYqC9v8EYpH2A=="
    },
    "jsbi": {
      "version": "2.0.5",
      "resolved": "https://registry.npmjs.org/jsbi/-/jsbi-2.0.5.tgz",
      "integrity": "sha512-TzO/62Hxeb26QMb4IGlI/5X+QLr9Uqp1FPkwp2+KOICW+Q+vSuFj61c8pkT6wAns4WcK56X7CmSHhJeDGWOqxQ=="
    },
    "long": {
      "version": "4.0.0",
      "resolved": "https://registry.npmjs.org/long/-/long-4.0.0.tgz",
      "integrity": "sha512-XsP+KhQif4bjX1kbuSiySJFNAehNxgLb6hPRGJ9QsUr8ajHkuXGdrHmFUTUUXhDwVX2R5bY4JNZEwbUiMhV+MA=="
    },
    "make-error": {
      "version": "1.3.6",
      "resolved": "https://registry.npmjs.org/make-error/-/make-error-1.3.6.tgz",
      "integrity": "sha512-s8UhlNe7vPKomQhC1qFelMokr/Sc3AgNbso3n74mVPA5LTZwkB9NlXf4XPamLxJE8h0gh73rM94xvwRT2CVInw==",
      "dev": true
    },
    "map-stream": {
      "version": "0.1.0",
      "resolved": "https://registry.npmjs.org/map-stream/-/map-stream-0.1.0.tgz",
      "integrity": "sha1-5WqpTEyAVaFkBKBnS3jyFffI4ZQ="
    },
    "ms": {
      "version": "2.0.0",
      "resolved": "https://registry.npmjs.org/ms/-/ms-2.0.0.tgz",
      "integrity": "sha1-VgiurfwAvmwpAd9fmGF4jeDVl8g="
    },
    "nan": {
      "version": "2.14.1",
      "resolved": "https://registry.npmjs.org/nan/-/nan-2.14.1.tgz",
      "integrity": "sha512-isWHgVjnFjh2x2yuJ/tj3JbwoHu3UC2dX5G/88Cm24yB6YopVgxvBObDY7n5xW6ExmFhJpSEQqFPvq9zaXc8Jw==",
      "optional": true
    },
    "node-fetch": {
      "version": "2.6.0",
      "resolved": "https://registry.npmjs.org/node-fetch/-/node-fetch-2.6.0.tgz",
      "integrity": "sha512-8dG4H5ujfvFiqDmVu9fQ5bOHUC15JMjMY/Zumv26oOvvVJjM67KF8koCWIabKQ1GJIa9r2mMZscBq/TbdOcmNA=="
    },
    "pause-stream": {
      "version": "0.0.11",
      "resolved": "https://registry.npmjs.org/pause-stream/-/pause-stream-0.0.11.tgz",
      "integrity": "sha1-/lo0sMvOErWqaitAPuLnO2AvFEU=",
      "requires": {
        "through": "~2.3"
      }
    },
    "safe-buffer": {
      "version": "5.2.1",
      "resolved": "https://registry.npmjs.org/safe-buffer/-/safe-buffer-5.2.1.tgz",
      "integrity": "sha512-rp3So07KcdmmKbGvgaNxQSJr7bGVSVk5S9Eq1F+ppbRo70+YeaDxkw5Dd8NPN+GD6bjnYm2VuPuCXmpuYvmCXQ=="
    },
    "sax": {
      "version": "1.2.4",
      "resolved": "https://registry.npmjs.org/sax/-/sax-1.2.4.tgz",
      "integrity": "sha512-NqVDv9TpANUjFm0N8uM5GxL36UgKi9/atZw+x7YFnQ8ckwFGKrl4xX4yWtrey3UJm5nP1kUbnYgLopqWNSRhWw=="
    },
    "source-map": {
      "version": "0.6.1",
      "resolved": "https://registry.npmjs.org/source-map/-/source-map-0.6.1.tgz",
      "integrity": "sha512-UjgapumWlbMhkBgzT7Ykc5YXUT46F0iKu8SGXq0bcwP5dz/h0Plj6enJqjz1Zbq2l5WaqYnrVbwWOWMyF3F47g==",
      "dev": true
    },
    "source-map-support": {
      "version": "0.5.19",
      "resolved": "https://registry.npmjs.org/source-map-support/-/source-map-support-0.5.19.tgz",
      "integrity": "sha512-Wonm7zOCIJzBGQdB+thsPar0kYuCIzYvxZwlBa87yi/Mdjv7Tip2cyVbLj5o0cFPN4EVkuTwb3GDDyUx2DGnGw==",
      "dev": true,
      "requires": {
        "buffer-from": "^1.0.0",
        "source-map": "^0.6.0"
      }
    },
    "split": {
      "version": "0.3.3",
      "resolved": "https://registry.npmjs.org/split/-/split-0.3.3.tgz",
      "integrity": "sha1-zQ7qXmOiEd//frDwkcQTPi0N0o8=",
      "requires": {
        "through": "2"
      }
    },
    "stream-combiner": {
      "version": "0.0.4",
      "resolved": "https://registry.npmjs.org/stream-combiner/-/stream-combiner-0.0.4.tgz",
      "integrity": "sha1-TV5DPBhSYd3mI8o/RMWGvPXErRQ=",
      "requires": {
        "duplexer": "~0.1.1"
      }
    },
    "through": {
      "version": "2.3.8",
      "resolved": "https://registry.npmjs.org/through/-/through-2.3.8.tgz",
      "integrity": "sha1-DdTJ/6q8NXlgsbckEV1+Doai4fU="
    },
    "ts-node": {
      "version": "8.10.1",
      "resolved": "https://registry.npmjs.org/ts-node/-/ts-node-8.10.1.tgz",
      "integrity": "sha512-bdNz1L4ekHiJul6SHtZWs1ujEKERJnHs4HxN7rjTyyVOFf3HaJ6sLqe6aPG62XTzAB/63pKRh5jTSWL0D7bsvw==",
      "dev": true,
      "requires": {
        "arg": "^4.1.0",
        "diff": "^4.0.1",
        "make-error": "^1.1.1",
        "source-map-support": "^0.5.17",
        "yn": "3.1.1"
      }
    },
    "typescript": {
      "version": "3.9.2",
      "resolved": "https://registry.npmjs.org/typescript/-/typescript-3.9.2.tgz",
      "integrity": "sha512-q2ktq4n/uLuNNShyayit+DTobV2ApPEo/6so68JaD5ojvc/6GClBipedB9zNWYxRSAlZXAe405Rlijzl6qDiSw==",
      "dev": true
    },
    "xml2js": {
      "version": "0.4.23",
      "resolved": "https://registry.npmjs.org/xml2js/-/xml2js-0.4.23.tgz",
      "integrity": "sha512-ySPiMjM0+pLDftHgXY4By0uswI3SPKLDw/i3UXbnO8M/p28zqexCUoPmQFrYD+/1BzhGJSs2i1ERWKJAtiLrug==",
      "requires": {
        "sax": ">=0.6.0",
        "xmlbuilder": "~11.0.0"
      }
    },
    "xmlbuilder": {
      "version": "11.0.1",
      "resolved": "https://registry.npmjs.org/xmlbuilder/-/xmlbuilder-11.0.1.tgz",
      "integrity": "sha512-fDlsI/kFEx7gLvbecc0/ohLG50fugQp8ryHzMTuW9vSa1GJ0XYWKnhsUx7oie3G98+r56aTQIUB4kht42R3JvA=="
    },
    "yn": {
      "version": "3.1.1",
      "resolved": "https://registry.npmjs.org/yn/-/yn-3.1.1.tgz",
      "integrity": "sha512-Ux4ygGWsu2c7isFWe8Yu1YluJmqVhxqK2cLXNQA5AcC3QfbGNpM7fu0Y8b/z16pXLnFxZYvWhd3fhBY9DLmC6Q==",
      "dev": true
    }
  }
}
